// !$*UTF8*$!
{
	archiveVersion = 1;
	classes = {
	};
	objectVersion = 46;
	objects = {

/* Begin PBXBuildFile section */
		942D60D41E6DC81600E3D9E3 /* AppDelegate.swift in Sources */ = {isa = PBXBuildFile; fileRef = 942D60D31E6DC81600E3D9E3 /* AppDelegate.swift */; };
		942D60D61E6DC81600E3D9E3 /* ViewController.swift in Sources */ = {isa = PBXBuildFile; fileRef = 942D60D51E6DC81600E3D9E3 /* ViewController.swift */; };
		942D60D91E6DC81600E3D9E3 /* Main.storyboard in Resources */ = {isa = PBXBuildFile; fileRef = 942D60D71E6DC81600E3D9E3 /* Main.storyboard */; };
		94FFDA221E894953004D6E3C /* Assets.xcassets in Resources */ = {isa = PBXBuildFile; fileRef = 94FFDA211E894953004D6E3C /* Assets.xcassets */; };
/* End PBXBuildFile section */

/* Begin PBXFileReference section */
		942D60D01E6DC81600E3D9E3 /* InputDemo.app */ = {isa = PBXFileReference; explicitFileType = wrapper.application; includeInIndex = 0; path = InputDemo.app; sourceTree = BUILT_PRODUCTS_DIR; };
		942D60D31E6DC81600E3D9E3 /* AppDelegate.swift */ = {isa = PBXFileReference; lastKnownFileType = sourcecode.swift; path = AppDelegate.swift; sourceTree = "<group>"; };
		942D60D51E6DC81600E3D9E3 /* ViewController.swift */ = {isa = PBXFileReference; lastKnownFileType = sourcecode.swift; path = ViewController.swift; sourceTree = "<group>"; };
		942D60D81E6DC81600E3D9E3 /* Base */ = {isa = PBXFileReference; lastKnownFileType = file.storyboard; name = Base; path = Base.lproj/Main.storyboard; sourceTree = "<group>"; };
		942D60DF1E6DC81600E3D9E3 /* Info.plist */ = {isa = PBXFileReference; lastKnownFileType = text.plist.xml; path = Info.plist; sourceTree = "<group>"; };
		94FFDA211E894953004D6E3C /* Assets.xcassets */ = {isa = PBXFileReference; lastKnownFileType = folder.assetcatalog; path = Assets.xcassets; sourceTree = "<group>"; };
/* End PBXFileReference section */

/* Begin PBXFrameworksBuildPhase section */
		942D60CD1E6DC81600E3D9E3 /* Frameworks */ = {
			isa = PBXFrameworksBuildPhase;
			buildActionMask = 2147483647;
			files = (
			);
			runOnlyForDeploymentPostprocessing = 0;
		};
/* End PBXFrameworksBuildPhase section */

/* Begin PBXGroup section */
		942D60C71E6DC81600E3D9E3 = {
			isa = PBXGroup;
			children = (
				942D60D21E6DC81600E3D9E3 /* InputDemo */,
				942D60D11E6DC81600E3D9E3 /* Products */,
			);
			sourceTree = "<group>";
		};
		942D60D11E6DC81600E3D9E3 /* Products */ = {
			isa = PBXGroup;
			children = (
				942D60D01E6DC81600E3D9E3 /* InputDemo.app */,
			);
			name = Products;
			sourceTree = "<group>";
		};
		942D60D21E6DC81600E3D9E3 /* InputDemo */ = {
			isa = PBXGroup;
			children = (
				942D60D31E6DC81600E3D9E3 /* AppDelegate.swift */,
				942D60D51E6DC81600E3D9E3 /* ViewController.swift */,
				942D60D71E6DC81600E3D9E3 /* Main.storyboard */,
				94FFDA211E894953004D6E3C /* Assets.xcassets */,
				942D60DF1E6DC81600E3D9E3 /* Info.plist */,
			);
			path = InputDemo;
			sourceTree = "<group>";
		};
/* End PBXGroup section */

/* Begin PBXNativeTarget section */
		942D60CF1E6DC81600E3D9E3 /* InputDemo */ = {
			isa = PBXNativeTarget;
			buildConfigurationList = 942D60E21E6DC81600E3D9E3 /* Build configuration list for PBXNativeTarget "InputDemo" */;
			buildPhases = (
				942D60CC1E6DC81600E3D9E3 /* Sources */,
				942D60CD1E6DC81600E3D9E3 /* Frameworks */,
				942D60CE1E6DC81600E3D9E3 /* Resources */,
			);
			buildRules = (
			);
			dependencies = (
			);
			name = InputDemo;
			productName = Demo;
			productReference = 942D60D01E6DC81600E3D9E3 /* InputDemo.app */;
			productType = "com.apple.product-type.application";
		};
/* End PBXNativeTarget section */

/* Begin PBXProject section */
		942D60C81E6DC81600E3D9E3 /* Project object */ = {
			isa = PBXProject;
			attributes = {
				LastSwiftUpdateCheck = 0820;
				LastUpgradeCheck = 0820;
				ORGANIZATIONNAME = DHBW;
				TargetAttributes = {
					942D60CF1E6DC81600E3D9E3 = {
						CreatedOnToolsVersion = 8.2.1;
						DevelopmentTeam = NS758RRF78;
						ProvisioningStyle = Automatic;
					};
				};
			};
			buildConfigurationList = 942D60CB1E6DC81600E3D9E3 /* Build configuration list for PBXProject "InputDemo" */;
			compatibilityVersion = "Xcode 3.2";
			developmentRegion = English;
			hasScannedForEncodings = 0;
			knownRegions = (
				English,
				en,
				Base,
			);
			mainGroup = 942D60C71E6DC81600E3D9E3;
			productRefGroup = 942D60D11E6DC81600E3D9E3 /* Products */;
			projectDirPath = "";
			projectRoot = "";
			targets = (
				942D60CF1E6DC81600E3D9E3 /* InputDemo */,
			);
		};
/* End PBXProject section */

/* Begin PBXResourcesBuildPhase section */
		942D60CE1E6DC81600E3D9E3 /* Resources */ = {
			isa = PBXResourcesBuildPhase;
			buildActionMask = 2147483647;
			files = (
				94FFDA221E894953004D6E3C /* Assets.xcassets in Resources */,
				942D60D91E6DC81600E3D9E3 /* Main.storyboard in Resources */,
			);
			runOnlyForDeploymentPostprocessing = 0;
		};
/* End PBXResourcesBuildPhase section */

/* Begin PBXSourcesBuildPhase section */
		942D60CC1E6DC81600E3D9E3 /* Sources */ = {
			isa = PBXSourcesBuildPhase;
			buildActionMask = 2147483647;
			files = (
				942D60D61E6DC81600E3D9E3 /* ViewController.swift in Sources */,
				942D60D41E6DC81600E3D9E3 /* AppDelegate.swift in Sources */,
			);
			runOnlyForDeploymentPostprocessing = 0;
		};
/* End PBXSourcesBuildPhase section */

/* Begin PBXVariantGroup section */
		942D60D71E6DC81600E3D9E3 /* Main.storyboard */ = {
			isa = PBXVariantGroup;
			children = (
				942D60D81E6DC81600E3D9E3 /* Base */,
			);
			name = Main.storyboard;
			sourceTree = "<group>";
		};
/* End PBXVariantGroup section */

/* Begin XCBuildConfiguration section */
		942D60E01E6DC81600E3D9E3 /* Debug */ = {
			isa = XCBuildConfiguration;
			buildSettings = {
				ALWAYS_SEARCH_USER_PATHS = NO;
				CLANG_ANALYZER_NONNULL = YES;
				CLANG_CXX_LANGUAGE_STANDARD = "gnu++0x";
				CLANG_CXX_LIBRARY = "libc++";
				CLANG_ENABLE_MODULES = YES;
				CLANG_ENABLE_OBJC_ARC = YES;
				CLANG_WARN_BOOL_CONVERSION = YES;
				CLANG_WARN_CONSTANT_CONVERSION = YES;
				CLANG_WARN_DIRECT_OBJC_ISA_USAGE = YES_ERROR;
				CLANG_WARN_DOCUMENTATION_COMMENTS = YES;
				CLANG_WARN_EMPTY_BODY = YES;
				CLANG_WARN_ENUM_CONVERSION = YES;
				CLANG_WARN_INFINITE_RECURSION = YES;
				CLANG_WARN_INT_CONVERSION = YES;
				CLANG_WARN_OBJC_ROOT_CLASS = YES_ERROR;
				CLANG_WARN_SUSPICIOUS_MOVE = YES;
				CLANG_WARN_UNREACHABLE_CODE = YES;
				CLANG_WARN__DUPLICATE_METHOD_MATCH = YES;
				"CODE_SIGN_IDENTITY[sdk=iphoneos*]" = "iPhone Developer";
				COPY_PHASE_STRIP = NO;
				DEBUG_INFORMATION_FORMAT = dwarf;
				ENABLE_STRICT_OBJC_MSGSEND = YES;
				ENABLE_TESTABILITY = YES;
				GCC_C_LANGUAGE_STANDARD = gnu99;
				GCC_DYNAMIC_NO_PIC = NO;
				GCC_NO_COMMON_BLOCKS = YES;
				GCC_OPTIMIZATION_LEVEL = 0;
				GCC_PREPROCESSOR_DEFINITIONS = (
					"DEBUG=1",
					"$(inherited)",
				);
				GCC_WARN_64_TO_32_BIT_CONVERSION = YES;
				GCC_WARN_ABOUT_RETURN_TYPE = YES_ERROR;
				GCC_WARN_UNDECLARED_SELECTOR = YES;
				GCC_WARN_UNINITIALIZED_AUTOS = YES_AGGRESSIVE;
				GCC_WARN_UNUSED_FUNCTION = YES;
				GCC_WARN_UNUSED_VARIABLE = YES;
				IPHONEOS_DEPLOYMENT_TARGET = 10.2;
				MTL_ENABLE_DEBUG_INFO = YES;
				ONLY_ACTIVE_ARCH = YES;
				SDKROOT = iphoneos;
				SWIFT_ACTIVE_COMPILATION_CONDITIONS = DEBUG;
				SWIFT_OPTIMIZATION_LEVEL = "-Onone";
			};
			name = Debug;
		};
		942D60E11E6DC81600E3D9E3 /* Release */ = {
			isa = XCBuildConfiguration;
			buildSettings = {
				ALWAYS_SEARCH_USER_PATHS = NO;
				CLANG_ANALYZER_NONNULL = YES;
				CLANG_CXX_LANGUAGE_STANDARD = "gnu++0x";
				CLANG_CXX_LIBRARY = "libc++";
				CLANG_ENABLE_MODULES = YES;
				CLANG_ENABLE_OBJC_ARC = YES;
				CLANG_WARN_BOOL_CONVERSION = YES;
				CLANG_WARN_CONSTANT_CONVERSION = YES;
				CLANG_WARN_DIRECT_OBJC_ISA_USAGE = YES_ERROR;
				CLANG_WARN_DOCUMENTATION_COMMENTS = YES;
				CLANG_WARN_EMPTY_BODY = YES;
				CLANG_WARN_ENUM_CONVERSION = YES;
				CLANG_WARN_INFINITE_RECURSION = YES;
				CLANG_WARN_INT_CONVERSION = YES;
				CLANG_WARN_OBJC_ROOT_CLASS = YES_ERROR;
				CLANG_WARN_SUSPICIOUS_MOVE = YES;
				CLANG_WARN_UNREACHABLE_CODE = YES;
				CLANG_WARN__DUPLICATE_METHOD_MATCH = YES;
				"CODE_SIGN_IDENTITY[sdk=iphoneos*]" = "iPhone Developer";
				COPY_PHASE_STRIP = NO;
				DEBUG_INFORMATION_FORMAT = "dwarf-with-dsym";
				ENABLE_NS_ASSERTIONS = NO;
				ENABLE_STRICT_OBJC_MSGSEND = YES;
				GCC_C_LANGUAGE_STANDARD = gnu99;
				GCC_NO_COMMON_BLOCKS = YES;
				GCC_WARN_64_TO_32_BIT_CONVERSION = YES;
				GCC_WARN_ABOUT_RETURN_TYPE = YES_ERROR;
				GCC_WARN_UNDECLARED_SELECTOR = YES;
				GCC_WARN_UNINITIALIZED_AUTOS = YES_AGGRESSIVE;
				GCC_WARN_UNUSED_FUNCTION = YES;
				GCC_WARN_UNUSED_VARIABLE = YES;
				IPHONEOS_DEPLOYMENT_TARGET = 10.2;
				MTL_ENABLE_DEBUG_INFO = NO;
				SDKROOT = iphoneos;
				SWIFT_OPTIMIZATION_LEVEL = "-Owholemodule";
				VALIDATE_PRODUCT = YES;
			};
			name = Release;
		};
		942D60E31E6DC81600E3D9E3 /* Debug */ = {
			isa = XCBuildConfiguration;
			buildSettings = {
				ASSETCATALOG_COMPILER_APPICON_NAME = AppIcon;
				DEVELOPMENT_TEAM = NS758RRF78;
				INFOPLIST_FILE = "$(SRCROOT)/InputDemo/Info.plist";
				LD_RUNPATH_SEARCH_PATHS = "$(inherited) @executable_path/Frameworks";
				PRODUCT_BUNDLE_IDENTIFIER = de.elsaesser.InputDemo;
				PRODUCT_NAME = "$(TARGET_NAME)";
				SWIFT_VERSION = 5.0;
			};
			name = Debug;
		};
		942D60E41E6DC81600E3D9E3 /* Release */ = {
			isa = XCBuildConfiguration;
			buildSettings = {
				ASSETCATALOG_COMPILER_APPICON_NAME = AppIcon;
				DEVELOPMENT_TEAM = NS758RRF78;
				INFOPLIST_FILE = "$(SRCROOT)/InputDemo/Info.plist";
				LD_RUNPATH_SEARCH_PATHS = "$(inherited) @executable_path/Frameworks";
				PRODUCT_BUNDLE_IDENTIFIER = de.elsaesser.InputDemo;
				PRODUCT_NAME = "$(TARGET_NAME)";
				SWIFT_VERSION = 5.0;
			};
			name = Release;
		};
/* End XCBuildConfiguration section */

/* Begin XCConfigurationList section */
		942D60CB1E6DC81600E3D9E3 /* Build configuration list for PBXProject "InputDemo" */ = {
			isa = XCConfigurationList;
			buildConfigurations = (
				942D60E01E6DC81600E3D9E3 /* Debug */,
				942D60E11E6DC81600E3D9E3 /* Release */,
			);
			defaultConfigurationIsVisible = 0;
			defaultConfigurationName = Release;
		};
		942D60E21E6DC81600E3D9E3 /* Build configuration list for PBXNativeTarget "InputDemo" */ = {
			isa = XCConfigurationList;
			buildConfigurations = (
				942D60E31E6DC81600E3D9E3 /* Debug */,
				942D60E41E6DC81600E3D9E3 /* Release */,
			);
			defaultConfigurationIsVisible = 0;
			defaultConfigurationName = Release;
		};
/* End XCConfigurationList section */
	};
	rootObject = 942D60C81E6DC81600E3D9E3 /* Project object */;
}
